# This file is autogenerated, do not edit; changes may be undone by the next 'dep ensure'.


[[projects]]
  digest = "1:9c503b940e8ed53089884e7075f98a3de403e7a72313eb81262b0c11b0026513"
  name = "github.com/rafaeljesus/rabbus"
  packages = [
    ".",
    "internal/amqp",
  ]
  pruneopts = "UT"
  revision = "f0fbeaa2171274f03ddda6bd13b9a9c79d4863ba"
  version = "v2.2.1"

[[projects]]
  branch = "master"
  digest = "1:e65b85a32c2aaf1fefbc03721573929fe08cfc0198f63167b56aaa19c27a1fb1"
  name = "github.com/rafaeljesus/retry-go"
  packages = ["."]
  pruneopts = "UT"
  revision = "5981a380a87925ee03a78a7ff13574fabc804837"

[[projects]]
  digest = "1:f7805d1cc7776d00da2aa3dbacf85927e58e6dad630ba9f3ea5b92d719f96269"
  name = "github.com/sony/gobreaker"
  packages = ["."]
  pruneopts = "UT"
  revision = "e9556a45379ef1da12e54847edb2fb3d7d566f36"
  version = "0.3.0"

[[projects]]
  branch = "master"
  digest = "1:0c088044c1c1ee83e723692442df4fec9b3f2e57f7a99773485c97adfbc31695"
  name = "github.com/streadway/amqp"
  packages = ["."]
  pruneopts = "UT"
  revision = "70e15c650864f4fc47f5d3c82ea117285480895d"

[solve-meta]
  analyzer-name = "dep"
  analyzer-version = 1
  input-imports = ["github.com/rafaeljesus/rabbus"]
  solver-name = "gps-cdcl"
  solver-version = 1
